
Microsoft Visual Studio Solution File, Format Version 12.00
# Visual Studio Version 16
VisualStudioVersion = 16.0.31515.178
MinimumVisualStudioVersion = 10.0.40219.1
Project("{FAE04EC0-301F-11D3-BF4B-00C04F79EFBC}") = "YoutubeSearcher", "YoutubeSearcher.csproj", "{24872C91-3BF2-4B7F-8AA0-332E7B7F80CE}"
EndProject
Global
	GlobalSection(SolutionConfigurationPlatforms) = preSolution
		Debug|Any CPU = Debug|Any CPU
		Release|Any CPU = Release|Any CPU
	EndGlobalSection
	GlobalSection(ProjectConfigurationPlatforms) = postSolution
		{24872C91-3BF2-4B7F-8AA0-332E7B7F80CE}.Debug|Any CPU.ActiveCfg = Debug|Any CPU
		{24872C91-3BF2-4B7F-8AA0-332E7B7F80CE}.Debug|Any CPU.Build.0 = Debug|Any CPU
		{24872C91-3BF2-4B7F-8AA0-332E7B7F80CE}.Release|Any CPU.ActiveCfg = Release|Any CPU
		{24872C91-3BF2-4B7F-8AA0-332E7B7F80CE}.Release|Any CPU.Build.0 = Release|Any CPU
	EndGlobalSection
	GlobalSection(SolutionProperties) = preSolution
		HideSolutionNode = FALSE
	EndGlobalSection
	GlobalSection(ExtensibilityGlobals) = postSolution
		SolutionGuid = {8D6759B6-1E20-4CEE-8724-4D72874FEA43}
	EndGlobalSection
EndGlobal
